<?xml version="1.0" encoding="utf-8"?>
<Project ToolsVersion="4.0" xmlns="http://schemas.microsoft.com/developer/msbuild/2003">
  <ItemGroup>
    <Filter Include="Source files">
      <UniqueIdentifier>{1b306da9-0f48-4cf5-a35f-a63645005dc1}</UniqueIdentifier>
      <Extensions>cpp;c;cc;cxx;def;odl;idl;hpj;bat;asm;asmx</Extensions>
    </Filter>
    <Filter Include="Resource files">
      <UniqueIdentifier>{647b411c-72ca-477f-9748-af490ed0f257}</UniqueIdentifier>
      <Extensions>rc;ico;cur;bmp;dlg;rc2;rct;bin;rgs;gif;jpg;jpeg;jpe;resx;tiff;tif;png;wav</Extensions>
    </Filter>
    <Filter Include="Header files">
      <UniqueIdentifier>{1a591d59-a3f7-4e7d-bdce-532202eec43c}</UniqueIdentifier>
      <Extensions>h;hpp;hxx;hm;inl;inc;xsd</Extensions>
    </Filter>
  </ItemGroup>
  <ItemGroup>
    <ClInclude Include="stdafx.h">
      <Filter>Header files</Filter>
    </ClInclude>
    <ClInclude Include="vtasm.h">
      <Filter>Header files</Filter>
    </ClInclude>
    <ClInclude Include="vtsystem.h">
      <Filter>Header files</Filter>
    </ClInclude>
    <ClInclude Include="exithandler.h">
      <Filter>Header files</Filter>
    </ClInclude>
  </ItemGroup>
  <ItemGroup>
    <ClCompile Include="stdafx.cpp">
      <Filter>Source files</Filter>
    </ClCompile>
    <ClCompile Include="VtTestDriver.cpp">
      <Filter>Source files</Filter>
    </ClCompile>
    <ClCompile Include="vtsystem.cpp">
      <Filter>Source files</Filter>
    </ClCompile>
    <ClCompile Include="exithandler.cpp">
      <Filter>Source files</Filter>
    </ClCompile>
  </ItemGroup>
  <ItemGroup>
    <None Include="vtasm.asm">
      <Filter>Source files</Filter>
    </None>
  </ItemGroup>
  <ItemGroup>
    <MASM Include="newtest.asm">
      <Filter>Source files</Filter>
    </MASM>
  </ItemGroup>
</Project>